
Microsoft Visual Studio Solution File, Format Version 12.00
# Visual Studio 15
Project("{FAE04EC0-301F-11D3-BF4B-00C04F79EFBC}") = "ArrayFilterDigit", "ArrayFilterDigit\ArrayFilterDigit.csproj", "{7748FADD-DFAF-4FFA-83E8-4D6AF1D7D3E3}"
EndProject
Project("{FAE04EC0-301F-11D3-BF4B-00C04F79EFBC}") = "ArrayFilterDigitTests", "ArrayFilterDigitTests\ArrayFilterDigitTests.csproj", "{E9033462-4B01-4F0F-A213-082B4358FF24}"
EndProject
Project("{FAE04EC0-301F-11D3-BF4B-00C04F79EFBC}") = "ArrayFiterDigitMStests", "ArrayFiterDigitMStests\ArrayFiterDigitMStests.csproj", "{C527C961-FECA-426D-9834-4AC7AC6FE85B}"
EndProject
Global
	GlobalSection(SolutionConfigurationPlatforms) = preSolution
		Debug|Any CPU = Debug|Any CPU
		Release|Any CPU = Release|Any CPU
	EndGlobalSection
	GlobalSection(ProjectConfigurationPlatforms) = postSolution
		{7748FADD-DFAF-4FFA-83E8-4D6AF1D7D3E3}.Debug|Any CPU.ActiveCfg = Debug|Any CPU
		{7748FADD-DFAF-4FFA-83E8-4D6AF1D7D3E3}.Debug|Any CPU.Build.0 = Debug|Any CPU
		{7748FADD-DFAF-4FFA-83E8-4D6AF1D7D3E3}.Release|Any CPU.ActiveCfg = Release|Any CPU
		{7748FADD-DFAF-4FFA-83E8-4D6AF1D7D3E3}.Release|Any CPU.Build.0 = Release|Any CPU
		{E9033462-4B01-4F0F-A213-082B4358FF24}.Debug|Any CPU.ActiveCfg = Debug|Any CPU
		{E9033462-4B01-4F0F-A213-082B4358FF24}.Debug|Any CPU.Build.0 = Debug|Any CPU
		{E9033462-4B01-4F0F-A213-082B4358FF24}.Release|Any CPU.ActiveCfg = Release|Any CPU
		{E9033462-4B01-4F0F-A213-082B4358FF24}.Release|Any CPU.Build.0 = Release|Any CPU
		{C527C961-FECA-426D-9834-4AC7AC6FE85B}.Debug|Any CPU.ActiveCfg = Debug|Any CPU
		{C527C961-FECA-426D-9834-4AC7AC6FE85B}.Debug|Any CPU.Build.0 = Debug|Any CPU
		{C527C961-FECA-426D-9834-4AC7AC6FE85B}.Release|Any CPU.ActiveCfg = Release|Any CPU
		{C527C961-FECA-426D-9834-4AC7AC6FE85B}.Release|Any CPU.Build.0 = Release|Any CPU
	EndGlobalSection
EndGlobal
